
Microsoft Visual Studio Solution File, Format Version 11.00
# Visual Studio 2010
Project("{FAE04EC0-301F-11D3-BF4B-00C04F79EFBC}") = "Assembly-CSharp", "Assembly-CSharp.csproj", "{B55E0D6E-C65A-149C-997D-5DAF2838D077}"
EndProject
Global
	GlobalSection(SolutionConfigurationPlatforms) = preSolution
		Debug|Any CPU = Debug|Any CPU
		Release|Any CPU = Release|Any CPU
	EndGlobalSection
	GlobalSection(ProjectConfigurationPlatforms) = postSolution
		{B55E0D6E-C65A-149C-997D-5DAF2838D077}.Debug|Any CPU.ActiveCfg = Debug|Any CPU
		{B55E0D6E-C65A-149C-997D-5DAF2838D077}.Debug|Any CPU.Build.0 = Debug|Any CPU
		{B55E0D6E-C65A-149C-997D-5DAF2838D077}.Release|Any CPU.ActiveCfg = Release|Any CPU
		{B55E0D6E-C65A-149C-997D-5DAF2838D077}.Release|Any CPU.Build.0 = Release|Any CPU
	EndGlobalSection
	GlobalSection(SolutionProperties) = preSolution
		HideSolutionNode = FALSE
	EndGlobalSection
	GlobalSection(MonoDevelopProperties) = preSolution
		StartupItem = Assembly-CSharp.csproj
	EndGlobalSection
EndGlobal
